
Microsoft Visual Studio Solution File, Format Version 12.00
# Visual Studio Version 17
VisualStudioVersion = 17.4.33213.308
MinimumVisualStudioVersion = 10.0.40219.1
Project("{FAE04EC0-301F-11D3-BF4B-00C04F79EFBC}") = "Week4Loops", "Week4Loops\Week4Loops.csproj", "{E034C1B7-8EFE-4032-A7B7-AD4C400F422A}"
EndProject
Project("{FAE04EC0-301F-11D3-BF4B-00C04F79EFBC}") = "ForLoopSum", "ForLoopSum\ForLoopSum.csproj", "{89DD3EFF-7595-422E-A94D-09484BABF8A7}"
EndProject
Project("{FAE04EC0-301F-11D3-BF4B-00C04F79EFBC}") = "RandomNumber", "RandomNumber\RandomNumber.csproj", "{496AE824-4653-4AF2-BD65-384B16B3DB61}"
EndProject
Project("{FAE04EC0-301F-11D3-BF4B-00C04F79EFBC}") = "WhileLoops", "WhileLoops\WhileLoops.csproj", "{7A2CE848-95EA-4090-809C-3FE8A31D68E7}"
EndProject
Global
	GlobalSection(SolutionConfigurationPlatforms) = preSolution
		Debug|Any CPU = Debug|Any CPU
		Release|Any CPU = Release|Any CPU
	EndGlobalSection
	GlobalSection(ProjectConfigurationPlatforms) = postSolution
		{E034C1B7-8EFE-4032-A7B7-AD4C400F422A}.Debug|Any CPU.ActiveCfg = Debug|Any CPU
		{E034C1B7-8EFE-4032-A7B7-AD4C400F422A}.Debug|Any CPU.Build.0 = Debug|Any CPU
		{E034C1B7-8EFE-4032-A7B7-AD4C400F422A}.Release|Any CPU.ActiveCfg = Release|Any CPU
		{E034C1B7-8EFE-4032-A7B7-AD4C400F422A}.Release|Any CPU.Build.0 = Release|Any CPU
		{89DD3EFF-7595-422E-A94D-09484BABF8A7}.Debug|Any CPU.ActiveCfg = Debug|Any CPU
		{89DD3EFF-7595-422E-A94D-09484BABF8A7}.Debug|Any CPU.Build.0 = Debug|Any CPU
		{89DD3EFF-7595-422E-A94D-09484BABF8A7}.Release|Any CPU.ActiveCfg = Release|Any CPU
		{89DD3EFF-7595-422E-A94D-09484BABF8A7}.Release|Any CPU.Build.0 = Release|Any CPU
		{496AE824-4653-4AF2-BD65-384B16B3DB61}.Debug|Any CPU.ActiveCfg = Debug|Any CPU
		{496AE824-4653-4AF2-BD65-384B16B3DB61}.Debug|Any CPU.Build.0 = Debug|Any CPU
		{496AE824-4653-4AF2-BD65-384B16B3DB61}.Release|Any CPU.ActiveCfg = Release|Any CPU
		{496AE824-4653-4AF2-BD65-384B16B3DB61}.Release|Any CPU.Build.0 = Release|Any CPU
		{7A2CE848-95EA-4090-809C-3FE8A31D68E7}.Debug|Any CPU.ActiveCfg = Debug|Any CPU
		{7A2CE848-95EA-4090-809C-3FE8A31D68E7}.Debug|Any CPU.Build.0 = Debug|Any CPU
		{7A2CE848-95EA-4090-809C-3FE8A31D68E7}.Release|Any CPU.ActiveCfg = Release|Any CPU
		{7A2CE848-95EA-4090-809C-3FE8A31D68E7}.Release|Any CPU.Build.0 = Release|Any CPU
	EndGlobalSection
	GlobalSection(SolutionProperties) = preSolution
		HideSolutionNode = FALSE
	EndGlobalSection
	GlobalSection(ExtensibilityGlobals) = postSolution
		SolutionGuid = {F5F3EAF9-F957-4461-B5FF-7AEAD47FCCDD}
	EndGlobalSection
EndGlobal
